<?xml version="1.0" encoding="utf-8"?>
<Project ToolsVersion="4.0" xmlns="http://schemas.microsoft.com/developer/msbuild/2003">
  <ItemGroup>
    <Filter Include="Source Files">
      <UniqueIdentifier>{4FC737F1-C7A5-4376-A066-2A32D752A2FF}</UniqueIdentifier>
      <Extensions>cpp;c;cc;cxx;def;odl;idl;hpj;bat;asm;asmx</Extensions>
    </Filter>
    <Filter Include="Header Files">
      <UniqueIdentifier>{93995380-89BD-4b04-88EB-625FBE52EBFB}</UniqueIdentifier>
      <Extensions>h;hh;hpp;hxx;hm;inl;inc;xsd</Extensions>
    </Filter>
    <Filter Include="Resource Files">
      <UniqueIdentifier>{67DA6AB6-F800-4c08-8B7A-83BB121AAD01}</UniqueIdentifier>
      <Extensions>rc;ico;cur;bmp;dlg;rc2;rct;bin;rgs;gif;jpg;jpeg;jpe;resx;tiff;tif;png;wav;mfcribbon-ms</Extensions>
    </Filter>
    <Filter Include="Header Files\Entities">
      <UniqueIdentifier>{2a28e713-3c7e-4e4a-8b9b-5acef1060ad5}</UniqueIdentifier>
    </Filter>
    <Filter Include="Header Files\Global">
      <UniqueIdentifier>{1cf83d06-bc4b-4c04-876a-cc1248b76878}</UniqueIdentifier>
    </Filter>
    <Filter Include="Header Files\FSM">
      <UniqueIdentifier>{3344fb7f-434f-49e8-8f3f-39cbbd0ee865}</UniqueIdentifier>
    </Filter>
    <Filter Include="Header Files\Menus">
      <UniqueIdentifier>{c14cea63-2cf1-43e4-b686-015efd9cd966}</UniqueIdentifier>
    </Filter>
    <Filter Include="Source Files\Entities">
      <UniqueIdentifier>{0c20fd12-0e9f-4ccb-8f7e-ad5e28c0badd}</UniqueIdentifier>
    </Filter>
    <Filter Include="Source Files\Global">
      <UniqueIdentifier>{6dc1969a-0611-4755-bec2-22e51688fd45}</UniqueIdentifier>
    </Filter>
    <Filter Include="Source Files\Menus">
      <UniqueIdentifier>{199c04f2-fcb7-44e7-a7c7-22ff9883c359}</UniqueIdentifier>
    </Filter>
    <Filter Include="Source Files\FSM">
      <UniqueIdentifier>{c4061967-e6da-408e-9456-ca34274a8fc6}</UniqueIdentifier>
    </Filter>
    <Filter Include="Source Files\Utilities">
      <UniqueIdentifier>{4722378f-8d7b-483d-b34b-ea668347d6c7}</UniqueIdentifier>
    </Filter>
    <Filter Include="Header Files\Utilities">
      <UniqueIdentifier>{5f8d7844-47e1-48f6-b6d2-bc54e51abfad}</UniqueIdentifier>
    </Filter>
    <Filter Include="Header Files\World">
      <UniqueIdentifier>{24cdc0cd-b3b1-456b-b1b4-d4ccbb72173b}</UniqueIdentifier>
    </Filter>
    <Filter Include="Header Files\World\Tiles">
      <UniqueIdentifier>{bf93ffcd-6e2d-4a0f-80cd-47a2501fa9ae}</UniqueIdentifier>
    </Filter>
    <Filter Include="Source Files\World">
      <UniqueIdentifier>{75134b19-a4d4-40e8-835e-3a4d256ce3a4}</UniqueIdentifier>
    </Filter>
    <Filter Include="Header Files\Entities\Animals">
      <UniqueIdentifier>{ec41e417-51d4-4497-8a7a-31a7a62b3eb6}</UniqueIdentifier>
    </Filter>
    <Filter Include="Source Files\Entities\Animals">
      <UniqueIdentifier>{ee5a4f36-29a9-46aa-804b-11c993aa39d4}</UniqueIdentifier>
    </Filter>
  </ItemGroup>
  <ItemGroup>
    <ClCompile Include="main.cpp">
      <Filter>Source Files</Filter>
    </ClCompile>
    <ClCompile Include="Assets.cpp">
      <Filter>Source Files\Global</Filter>
    </ClCompile>
    <ClCompile Include="Building.cpp">
      <Filter>Source Files\Entities</Filter>
    </ClCompile>
    <ClCompile Include="BuildingHUD.cpp">
      <Filter>Source Files\Menus</Filter>
    </ClCompile>
    <ClCompile Include="Enemy.cpp">
      <Filter>Source Files\Entities</Filter>
    </ClCompile>
    <ClCompile Include="Fortress.cpp">
      <Filter>Source Files\Entities</Filter>
    </ClCompile>
    <ClCompile Include="GameObject.cpp">
      <Filter>Source Files\Entities</Filter>
    </ClCompile>
    <ClCompile Include="Hero.cpp">
      <Filter>Source Files\Entities</Filter>
    </ClCompile>
    <ClCompile Include="HUD.cpp">
      <Filter>Source Files\Menus</Filter>
    </ClCompile>
    <ClCompile Include="MovableObject.cpp">
      <Filter>Source Files\Entities</Filter>
    </ClCompile>
    <ClCompile Include="PathFinder.cpp">
      <Filter>Source Files\Utilities</Filter>
    </ClCompile>
    <ClCompile Include="Player.cpp">
      <Filter>Source Files\Entities</Filter>
    </ClCompile>
    <ClCompile Include="PlayerController.cpp">
      <Filter>Source Files\Utilities</Filter>
    </ClCompile>
    <ClCompile Include="WorldObjects.cpp">
      <Filter>Source Files\Global</Filter>
    </ClCompile>
    <ClCompile Include="World.cpp">
      <Filter>Source Files\World</Filter>
    </ClCompile>
    <ClCompile Include="EntityStates.cpp">
      <Filter>Source Files\FSM</Filter>
    </ClCompile>
    <ClCompile Include="BuildingStates.cpp">
      <Filter>Source Files\FSM</Filter>
    </ClCompile>
    <ClCompile Include="GlobalStates.cpp">
      <Filter>Source Files\FSM</Filter>
    </ClCompile>
    <ClCompile Include="Animal.cpp">
      <Filter>Source Files\Entities\Animals</Filter>
    </ClCompile>
    <ClCompile Include="Goat.cpp">
      <Filter>Source Files\Entities\Animals</Filter>
    </ClCompile>
  </ItemGroup>
  <ItemGroup>
    <ClInclude Include="Assets.h">
      <Filter>Header Files\Global</Filter>
    </ClInclude>
    <ClInclude Include="Building.h">
      <Filter>Header Files\Entities</Filter>
    </ClInclude>
    <ClInclude Include="Enemy.h">
      <Filter>Header Files\Entities</Filter>
    </ClInclude>
    <ClInclude Include="Fortress.h">
      <Filter>Header Files\Entities</Filter>
    </ClInclude>
    <ClInclude Include="GameObject.h">
      <Filter>Header Files\Entities</Filter>
    </ClInclude>
    <ClInclude Include="Hero.h">
      <Filter>Header Files\Entities</Filter>
    </ClInclude>
    <ClInclude Include="MovableObject.h">
      <Filter>Header Files\Entities</Filter>
    </ClInclude>
    <ClInclude Include="State.h">
      <Filter>Header Files\FSM</Filter>
    </ClInclude>
    <ClInclude Include="StateMachine.h">
      <Filter>Header Files\FSM</Filter>
    </ClInclude>
    <ClInclude Include="WorldObjects.h">
      <Filter>Header Files\Global</Filter>
    </ClInclude>
    <ClInclude Include="PathFinder.h">
      <Filter>Header Files\Utilities</Filter>
    </ClInclude>
    <ClInclude Include="Player.h">
      <Filter>Header Files\Entities</Filter>
    </ClInclude>
    <ClInclude Include="PlayerController.h">
      <Filter>Header Files\Utilities</Filter>
    </ClInclude>
    <ClInclude Include="BuildingHUD.h">
      <Filter>Header Files\Menus</Filter>
    </ClInclude>
    <ClInclude Include="HUD.h">
      <Filter>Header Files\Menus</Filter>
    </ClInclude>
    <ClInclude Include="Utilities.h">
      <Filter>Header Files\Utilities</Filter>
    </ClInclude>
    <ClInclude Include="Tile.h">
      <Filter>Header Files\World\Tiles</Filter>
    </ClInclude>
    <ClInclude Include="World.h">
      <Filter>Header Files\World</Filter>
    </ClInclude>
    <ClInclude Include="EntityStates.h">
      <Filter>Header Files\FSM</Filter>
    </ClInclude>
    <ClInclude Include="BuildingStates.h">
      <Filter>Header Files\FSM</Filter>
    </ClInclude>
    <ClInclude Include="Goat.h">
      <Filter>Header Files\Entities\Animals</Filter>
    </ClInclude>
    <ClInclude Include="Animal.h">
      <Filter>Header Files\Entities\Animals</Filter>
    </ClInclude>
    <ClInclude Include="GlobalStates.h">
      <Filter>Header Files\FSM</Filter>
    </ClInclude>
  </ItemGroup>
</Project>